
Microsoft Visual Studio Solution File, Format Version 12.00
# Visual Studio Version 17
VisualStudioVersion = 17.8.34408.163
MinimumVisualStudioVersion = 10.0.40219.1
Project("{FAE04EC0-301F-11D3-BF4B-00C04F79EFBC}") = "ZadanieTabControl", "ZadanieTabControl\ZadanieTabControl.csproj", "{BCDBD2ED-951E-4C01-9DD3-25713F7B41D4}"
EndProject
Global
	GlobalSection(SolutionConfigurationPlatforms) = preSolution
		Debug|Any CPU = Debug|Any CPU
		Release|Any CPU = Release|Any CPU
	EndGlobalSection
	GlobalSection(ProjectConfigurationPlatforms) = postSolution
		{BCDBD2ED-951E-4C01-9DD3-25713F7B41D4}.Debug|Any CPU.ActiveCfg = Debug|Any CPU
		{BCDBD2ED-951E-4C01-9DD3-25713F7B41D4}.Debug|Any CPU.Build.0 = Debug|Any CPU
		{BCDBD2ED-951E-4C01-9DD3-25713F7B41D4}.Release|Any CPU.ActiveCfg = Release|Any CPU
		{BCDBD2ED-951E-4C01-9DD3-25713F7B41D4}.Release|Any CPU.Build.0 = Release|Any CPU
	EndGlobalSection
	GlobalSection(SolutionProperties) = preSolution
		HideSolutionNode = FALSE
	EndGlobalSection
	GlobalSection(ExtensibilityGlobals) = postSolution
		SolutionGuid = {2C27E486-0E74-4B2B-AA67-51E4B4D7782B}
	EndGlobalSection
EndGlobal
